<?xml version="1.0" encoding="utf-8"?>
<Project ToolsVersion="4.0" xmlns="http://schemas.microsoft.com/developer/msbuild/2003">
  <ItemGroup>
    <ClCompile Include="..\..\code\Platform\AsArray.cpp">
      <Filter>Platform</Filter>
    </ClCompile>
    <ClCompile Include="..\..\code\Platform\AsDebug.cpp">
      <Filter>Platform</Filter>
    </ClCompile>
    <ClCompile Include="..\..\code\Platform\AsObject.cpp">
      <Filter>Platform</Filter>
    </ClCompile>
    <ClCompile Include="..\..\code\Platform\AsObjectRef.cpp">
      <Filter>Platform</Filter>
    </ClCompile>
    <ClCompile Include="..\..\code\Platform\AsString.cpp">
      <Filter>Platform</Filter>
    </ClCompile>
    <ClCompile Include="main.cpp" />
    <ClCompile Include="test_AsString.cpp" />
    <ClCompile Include="test_AsVector.cpp" />
    <ClCompile Include="..\..\code\Platform\AsDictionary.cpp">
      <Filter>Platform</Filter>
    </ClCompile>
    <ClCompile Include="test_AsDictionary.cpp" />
    <ClCompile Include="test_AsMath.cpp" />
    <ClCompile Include="test_AsObjectRef.cpp" />
    <ClCompile Include="test_interfaces.cpp" />
    <ClCompile Include="test_data\interfaces\AsBar.cpp">
      <Filter>test_data\interfaces</Filter>
    </ClCompile>
    <ClCompile Include="test_data\interfaces\AsFoo.cpp">
      <Filter>test_data\interfaces</Filter>
    </ClCompile>
    <ClCompile Include="test_data\statics\AsBarBase.cpp">
      <Filter>test_data\statics</Filter>
    </ClCompile>
    <ClCompile Include="test_data\statics\AsFooBase.cpp">
      <Filter>test_data\statics</Filter>
    </ClCompile>
    <ClCompile Include="test_data\statics\AsStaticBar.cpp">
      <Filter>test_data\statics</Filter>
    </ClCompile>
    <ClCompile Include="test_data\statics\AsStaticFieldClass.cpp">
      <Filter>test_data\statics</Filter>
    </ClCompile>
    <ClCompile Include="test_data\statics\AsStaticFoo.cpp">
      <Filter>test_data\statics</Filter>
    </ClCompile>
    <ClCompile Include="test_statics.cpp" />
    <ClCompile Include="test_data\statics\AsStaticDummy.cpp">
      <Filter>test_data\statics</Filter>
    </ClCompile>
  </ItemGroup>
  <ItemGroup>
    <Filter Include="tut">
      <UniqueIdentifier>{c07d303f-9c93-4435-b817-d600705591cd}</UniqueIdentifier>
    </Filter>
    <Filter Include="tut\tut">
      <UniqueIdentifier>{e147d9bc-f9d8-4759-8d8c-f699f54d0104}</UniqueIdentifier>
    </Filter>
    <Filter Include="Platform">
      <UniqueIdentifier>{82c4de89-a5f8-477b-9802-396a48020537}</UniqueIdentifier>
    </Filter>
    <Filter Include="test_data">
      <UniqueIdentifier>{e89ea40c-ffa2-45fa-b5d0-b893e6f4a124}</UniqueIdentifier>
    </Filter>
    <Filter Include="test_data\interfaces">
      <UniqueIdentifier>{e7d19402-c2a6-4f15-9334-39be74e10195}</UniqueIdentifier>
    </Filter>
    <Filter Include="test_data\statics">
      <UniqueIdentifier>{20a41704-57d5-4565-9955-3f5b2e7c74b2}</UniqueIdentifier>
    </Filter>
  </ItemGroup>
  <ItemGroup>
    <ClInclude Include="tut\tut\tut.hpp">
      <Filter>tut\tut</Filter>
    </ClInclude>
    <ClInclude Include="tut\tut\tut_assert.hpp">
      <Filter>tut\tut</Filter>
    </ClInclude>
    <ClInclude Include="tut\tut\tut_console_reporter.hpp">
      <Filter>tut\tut</Filter>
    </ClInclude>
    <ClInclude Include="tut\tut\tut_cppunit_reporter.hpp">
      <Filter>tut\tut</Filter>
    </ClInclude>
    <ClInclude Include="tut\tut\tut_exception.hpp">
      <Filter>tut\tut</Filter>
    </ClInclude>
    <ClInclude Include="tut\tut\tut_posix.hpp">
      <Filter>tut\tut</Filter>
    </ClInclude>
    <ClInclude Include="tut\tut\tut_reporter.hpp">
      <Filter>tut\tut</Filter>
    </ClInclude>
    <ClInclude Include="tut\tut\tut_restartable.hpp">
      <Filter>tut\tut</Filter>
    </ClInclude>
    <ClInclude Include="tut\tut\tut_result.hpp">
      <Filter>tut\tut</Filter>
    </ClInclude>
    <ClInclude Include="tut\tut\tut_runner.hpp">
      <Filter>tut\tut</Filter>
    </ClInclude>
    <ClInclude Include="tut\tut\tut_xml_reporter.hpp">
      <Filter>tut\tut</Filter>
    </ClInclude>
    <ClInclude Include="tut\tut.h">
      <Filter>tut</Filter>
    </ClInclude>
    <ClInclude Include="tut\tut_reporter.h">
      <Filter>tut</Filter>
    </ClInclude>
    <ClInclude Include="tut\tut_restartable.h">
      <Filter>tut</Filter>
    </ClInclude>
    <ClInclude Include="..\..\code\Platform\AsArray.h">
      <Filter>Platform</Filter>
    </ClInclude>
    <ClInclude Include="..\..\code\Platform\AsBc.h">
      <Filter>Platform</Filter>
    </ClInclude>
    <ClInclude Include="..\..\code\Platform\AsDebug.h">
      <Filter>Platform</Filter>
    </ClInclude>
    <ClInclude Include="..\..\code\Platform\AsObject.h">
      <Filter>Platform</Filter>
    </ClInclude>
    <ClInclude Include="..\..\code\Platform\AsObjectRef.h">
      <Filter>Platform</Filter>
    </ClInclude>
    <ClInclude Include="..\..\code\Platform\AsString.h">
      <Filter>Platform</Filter>
    </ClInclude>
    <ClInclude Include="..\..\code\Platform\AsVector.h">
      <Filter>Platform</Filter>
    </ClInclude>
    <ClInclude Include="..\..\code\Platform\AsDictionary.h">
      <Filter>Platform</Filter>
    </ClInclude>
    <ClInclude Include="..\..\code\Platform\AsMath.h">
      <Filter>Platform</Filter>
    </ClInclude>
    <ClInclude Include="test_data\interfaces\AsBar.h">
      <Filter>test_data\interfaces</Filter>
    </ClInclude>
    <ClInclude Include="test_data\interfaces\AsFoo.h">
      <Filter>test_data\interfaces</Filter>
    </ClInclude>
    <ClInclude Include="test_data\interfaces\AsInterface1.h">
      <Filter>test_data\interfaces</Filter>
    </ClInclude>
    <ClInclude Include="test_data\interfaces\AsInterface2.h">
      <Filter>test_data\interfaces</Filter>
    </ClInclude>
    <ClInclude Include="test_data\statics\AsBarBase.h">
      <Filter>test_data\statics</Filter>
    </ClInclude>
    <ClInclude Include="test_data\statics\AsFooBase.h">
      <Filter>test_data\statics</Filter>
    </ClInclude>
    <ClInclude Include="test_data\statics\AsStaticBar.h">
      <Filter>test_data\statics</Filter>
    </ClInclude>
    <ClInclude Include="test_data\statics\AsStaticFieldClass.h">
      <Filter>test_data\statics</Filter>
    </ClInclude>
    <ClInclude Include="test_data\statics\AsStaticFoo.h">
      <Filter>test_data\statics</Filter>
    </ClInclude>
    <ClInclude Include="test_data\statics\AsStaticDummy.h">
      <Filter>test_data\statics</Filter>
    </ClInclude>
  </ItemGroup>
</Project>